
Microsoft Visual Studio Solution File, Format Version 12.00
# Visual Studio 15
Project("{FAE04EC0-301F-11D3-BF4B-00C04F79EFBC}") = "ant_colony", "ant_colony\ant_colony.csproj", "{DDD010B9-16CC-46DB-8D2A-3FD48D45A95E}"
EndProject
Global
	GlobalSection(SolutionConfigurationPlatforms) = preSolution
		Debug|anycpu = Debug|anycpu
		Release|anycpu = Release|anycpu
	EndGlobalSection
	GlobalSection(ProjectConfigurationPlatforms) = postSolution
		{DDD010B9-16CC-46DB-8D2A-3FD48D45A95E}.Debug|anycpu.ActiveCfg = Debug|anycpu
		{DDD010B9-16CC-46DB-8D2A-3FD48D45A95E}.Debug|anycpu.Build.0 = Debug|anycpu
		{DDD010B9-16CC-46DB-8D2A-3FD48D45A95E}.Release|anycpu.ActiveCfg = Release|anycpu
		{DDD010B9-16CC-46DB-8D2A-3FD48D45A95E}.Release|anycpu.Build.0 = Release|anycpu
	EndGlobalSection
EndGlobal
